{
  "version": 4,
  "terraform_version": "0.14.7",
  "serial": 225,
  "lineage": "541a70b8-90d9-a6a0-d84f-333ad20e9545",
  "outputs": {},
  "resources": [
    {
      "mode": "managed",
      "type": "aws_ec2_transit_gateway",
      "name": "dev-tgw",
      "provider": "provider[\"registry.terraform.io/hashicorp/aws\"]",
      "instances": [
        {
          "schema_version": 0,
          "attributes": {
            "amazon_side_asn": 65101,
            "arn": "arn:aws:ec2:ap-southeast-1:318201747845:transit-gateway/tgw-0de4ba75446723ab4",
            "association_default_route_table_id": "tgw-rtb-06722e872c4fb840a",
            "auto_accept_shared_attachments": "enable",
            "default_route_table_association": "enable",
            "default_route_table_propagation": "enable",
            "description": "testing create tgw",
            "dns_support": "enable",
            "id": "tgw-0de4ba75446723ab4",
            "owner_id": "318201747845",
            "propagation_default_route_table_id": "tgw-rtb-06722e872c4fb840a",
            "tags": {
              "Name": "dev_tgw"
            },
            "tags_all": {
              "Name": "dev_tgw"
            },
            "vpn_ecmp_support": "enable"
          },
          "sensitive_attributes": [],
          "private": "bnVsbA=="
        }
      ]
    },
    {
      "mode": "managed",
      "type": "aws_ram_principal_association",
      "name": "dev-tgw-ram",
      "provider": "provider[\"registry.terraform.io/hashicorp/aws\"]",
      "instances": [
        {
          "status": "tainted",
          "schema_version": 0,
          "attributes": {
            "id": "arn:aws:ram:ap-southeast-1:318201747845:resource-share/3182fb4c-c53d-48a1-8d49-932a656f22e5,318201747845",
            "principal": "318201747845",
            "resource_share_arn": "arn:aws:ram:ap-southeast-1:318201747845:resource-share/3182fb4c-c53d-48a1-8d49-932a656f22e5"
          },
          "sensitive_attributes": []
        }
      ]
    },
    {
      "mode": "managed",
      "type": "aws_ram_resource_association",
      "name": "dev-tgw-ram",
      "provider": "provider[\"registry.terraform.io/hashicorp/aws\"]",
      "instances": [
        {
          "status": "tainted",
          "schema_version": 0,
          "attributes": {
            "id": "arn:aws:ram:ap-southeast-1:318201747845:resource-share/3182fb4c-c53d-48a1-8d49-932a656f22e5,arn:aws:ec2:ap-southeast-1:318201747845:transit-gateway/tgw-0de4ba75446723ab4",
            "resource_arn": "arn:aws:ec2:ap-southeast-1:318201747845:transit-gateway/tgw-0de4ba75446723ab4",
            "resource_share_arn": "arn:aws:ram:ap-southeast-1:318201747845:resource-share/3182fb4c-c53d-48a1-8d49-932a656f22e5"
          },
          "sensitive_attributes": []
        }
      ]
    },
    {
      "mode": "managed",
      "type": "aws_ram_resource_share",
      "name": "dev-tgw-ram",
      "provider": "provider[\"registry.terraform.io/hashicorp/aws\"]",
      "instances": [
        {
          "schema_version": 0,
          "attributes": {
            "allow_external_principals": true,
            "arn": "arn:aws:ram:ap-southeast-1:318201747845:resource-share/3182fb4c-c53d-48a1-8d49-932a656f22e5",
            "id": "arn:aws:ram:ap-southeast-1:318201747845:resource-share/3182fb4c-c53d-48a1-8d49-932a656f22e5",
            "name": "dev-tgw-ram",
            "tags": {
              "Environment": "dev-tgw-ram"
            },
            "tags_all": {
              "Environment": "dev-tgw-ram"
            },
            "timeouts": null
          },
          "sensitive_attributes": [],
          "private": "eyJlMmJmYjczMC1lY2FhLTExZTYtOGY4OC0zNDM2M2JjN2M0YzAiOnsiY3JlYXRlIjozMDAwMDAwMDAwMDAsImRlbGV0ZSI6MzAwMDAwMDAwMDAwfX0="
        }
      ]
    }
  ]
}
